{
  "version": "3",
  "packages": {
    "specifiers": {
      "jsr:@hexagon/croner@9.0.0": "jsr:@hexagon/croner@9.0.0",
      "jsr:@std/dotenv": "jsr:@std/dotenv@0.225.2",
      "jsr:@std/dotenv@0.225.2": "jsr:@std/dotenv@0.225.2",
      "jsr:@unixfox/instant-system@^0.0.12": "jsr:@unixfox/instant-system@0.0.12",
      "npm:@influxdata/influxdb-client": "npm:@influxdata/influxdb-client@1.35.0",
      "npm:geokdbush@2.0.1": "npm:geokdbush@2.0.1",
      "npm:influx": "npm:influx@5.9.3",
      "npm:kdbush@4.0.2": "npm:kdbush@4.0.2",
      "npm:pg": "npm:pg@8.13.1",
      "npm:pg@8.13.1": "npm:pg@8.13.1",
      "npm:sequelize": "npm:sequelize@6.37.5",
      "npm:sequelize@6.37.5": "npm:sequelize@6.37.5"
    },
    "jsr": {
      "@hexagon/croner@9.0.0": {
        "integrity": "15713563b07001cdb8a2096d9e2bc866382848f8d29fdc15d7b16dc95d17b620"
      },
      "@std/dotenv@0.225.2": {
        "integrity": "e2025dce4de6c7bca21dece8baddd4262b09d5187217e231b033e088e0c4dd23"
      },
      "@unixfox/instant-system@0.0.12": {
        "integrity": "cc99b65e8c420ea53b817b9eba5c811dca97426cfd44a895c216ba7ab627649f"
      }
    },
    "npm": {
      "@influxdata/influxdb-client@1.35.0": {
        "integrity": "sha512-woWMi8PDpPQpvTsRaUw4Ig+nOGS/CWwAwS66Fa1Vr/EkW+NEwxI8YfPBsdBMn33jK2Y86/qMiiuX/ROHIkJLTw==",
        "dependencies": {}
      },
      "@types/debug@4.1.12": {
        "integrity": "sha512-vIChWdVG3LG1SMxEvI/AK+FWJthlrqlTu7fbrlywTkkaONwk/UAGaULXRlf8vkzFBLVm0zkMdCquhL5aOjhXPQ==",
        "dependencies": {
          "@types/ms": "@types/ms@0.7.34"
        }
      },
      "@types/ms@0.7.34": {
        "integrity": "sha512-nG96G3Wp6acyAgJqGasjODb+acrI7KltPiRxzHPXnP3NgI28bpQDRv53olbqGXbfcgF5aiiHmO3xpwEpS5Ld9g==",
        "dependencies": {}
      },
      "@types/node@18.16.19": {
        "integrity": "sha512-IXl7o+R9iti9eBW4Wg2hx1xQDig183jj7YLn8F7udNceyfkbn1ZxmzZXuak20gR40D7pIkIY1kYGx5VIGbaHKA==",
        "dependencies": {}
      },
      "@types/validator@13.12.2": {
        "integrity": "sha512-6SlHBzUW8Jhf3liqrGGXyTJSIFe4nqlJ5A5KaMZ2l/vbM3Wh3KSybots/wfWVzNLK4D1NZluDlSQIbIEPx6oyA==",
        "dependencies": {}
      },
      "debug@4.3.7": {
        "integrity": "sha512-Er2nc/H7RrMXZBFCEim6TCmMk02Z8vLC2Rbi1KEBggpo0fS6l0S1nnapwmIi3yW/+GOJap1Krg4w0Hg80oCqgQ==",
        "dependencies": {
          "ms": "ms@2.1.3"
        }
      },
      "dottie@2.0.6": {
        "integrity": "sha512-iGCHkfUc5kFekGiqhe8B/mdaurD+lakO9txNnTvKtA6PISrw86LgqHvRzWYPyoE2Ph5aMIrCw9/uko6XHTKCwA==",
        "dependencies": {}
      },
      "geokdbush@2.0.1": {
        "integrity": "sha512-0M8so1Qx6+jJ1xpirpCNrgUsWAzIcQ3LrLmh0KJPBYI3gH7vy70nY5zEEjSp9Tn0nBt6Q2Fh922oL08lfib4Zg==",
        "dependencies": {
          "tinyqueue": "tinyqueue@2.0.3"
        }
      },
      "inflection@1.13.4": {
        "integrity": "sha512-6I/HUDeYFfuNCVS3td055BaXBwKYuzw7K3ExVMStBowKo9oOAMJIXIHvdyR3iboTCp1b+1i5DSkIZTcwIktuDw==",
        "dependencies": {}
      },
      "influx@5.9.3": {
        "integrity": "sha512-QQU9CgwnaEV6zMrK8+vhVItsdoKFqDioXJrjJhRQaff9utvT3N0jcrQJT9qnxFLktqgJ5ngbDY68Zh4eo4uD/w==",
        "dependencies": {}
      },
      "kdbush@4.0.2": {
        "integrity": "sha512-WbCVYJ27Sz8zi9Q7Q0xHC+05iwkm3Znipc2XTlrnJbsHMYktW4hPhXUE8Ys1engBrvffoSCqbil1JQAa7clRpA==",
        "dependencies": {}
      },
      "lodash@4.17.21": {
        "integrity": "sha512-v2kDEe57lecTulaDIuNTPy3Ry4gLGJ6Z1O3vE1krgXZNrsQ+LFTGHVxVjcXPs17LhbZVGedAJv8XZ1tvj5FvSg==",
        "dependencies": {}
      },
      "moment-timezone@0.5.46": {
        "integrity": "sha512-ZXm9b36esbe7OmdABqIWJuBBiLLwAjrN7CE+7sYdCCx82Nabt1wHDj8TVseS59QIlfFPbOoiBPm6ca9BioG4hw==",
        "dependencies": {
          "moment": "moment@2.30.1"
        }
      },
      "moment@2.30.1": {
        "integrity": "sha512-uEmtNhbDOrWPFS+hdjFCBfy9f2YoyzRpwcl+DqpC6taX21FzsTLQVbMV/W7PzNSX6x/bhC1zA3c2UQ5NzH6how==",
        "dependencies": {}
      },
      "ms@2.1.3": {
        "integrity": "sha512-6FlzubTLZG3J2a/NVCAleEhjzq5oxgHyaCU9yYXvcLsvoVaHJq/s5xXI6/XXP6tz7R9xAOtHnSO/tXtF3WRTlA==",
        "dependencies": {}
      },
      "pg-cloudflare@1.1.1": {
        "integrity": "sha512-xWPagP/4B6BgFO+EKz3JONXv3YDgvkbVrGw2mTo3D6tVDQRh1e7cqVGvyR3BE+eQgAvx1XhW/iEASj4/jCWl3Q==",
        "dependencies": {}
      },
      "pg-connection-string@2.7.0": {
        "integrity": "sha512-PI2W9mv53rXJQEOb8xNR8lH7Hr+EKa6oJa38zsK0S/ky2er16ios1wLKhZyxzD7jUReiWokc9WK5nxSnC7W1TA==",
        "dependencies": {}
      },
      "pg-int8@1.0.1": {
        "integrity": "sha512-WCtabS6t3c8SkpDBUlb1kjOs7l66xsGdKpIPZsg4wR+B3+u9UAum2odSsF9tnvxg80h4ZxLWMy4pRjOsFIqQpw==",
        "dependencies": {}
      },
      "pg-pool@3.7.0_pg@8.13.1": {
        "integrity": "sha512-ZOBQForurqh4zZWjrgSwwAtzJ7QiRX0ovFkZr2klsen3Nm0aoh33Ls0fzfv3imeH/nw/O27cjdz5kzYJfeGp/g==",
        "dependencies": {
          "pg": "pg@8.13.1"
        }
      },
      "pg-protocol@1.7.0": {
        "integrity": "sha512-hTK/mE36i8fDDhgDFjy6xNOG+LCorxLG3WO17tku+ij6sVHXh1jQUJ8hYAnRhNla4QVD2H8er/FOjc/+EgC6yQ==",
        "dependencies": {}
      },
      "pg-types@2.2.0": {
        "integrity": "sha512-qTAAlrEsl8s4OiEQY69wDvcMIdQN6wdz5ojQiOy6YRMuynxenON0O5oCpJI6lshc6scgAY8qvJ2On/p+CXY0GA==",
        "dependencies": {
          "pg-int8": "pg-int8@1.0.1",
          "postgres-array": "postgres-array@2.0.0",
          "postgres-bytea": "postgres-bytea@1.0.0",
          "postgres-date": "postgres-date@1.0.7",
          "postgres-interval": "postgres-interval@1.2.0"
        }
      },
      "pg@8.13.1": {
        "integrity": "sha512-OUir1A0rPNZlX//c7ksiu7crsGZTKSOXJPgtNiHGIlC9H0lO+NC6ZDYksSgBYY/thSWhnSRBv8w1lieNNGATNQ==",
        "dependencies": {
          "pg-cloudflare": "pg-cloudflare@1.1.1",
          "pg-connection-string": "pg-connection-string@2.7.0",
          "pg-pool": "pg-pool@3.7.0_pg@8.13.1",
          "pg-protocol": "pg-protocol@1.7.0",
          "pg-types": "pg-types@2.2.0",
          "pgpass": "pgpass@1.0.5"
        }
      },
      "pgpass@1.0.5": {
        "integrity": "sha512-FdW9r/jQZhSeohs1Z3sI1yxFQNFvMcnmfuj4WBMUTxOrAyLMaTcE1aAMBiTlbMNaXvBCQuVi0R7hd8udDSP7ug==",
        "dependencies": {
          "split2": "split2@4.2.0"
        }
      },
      "postgres-array@2.0.0": {
        "integrity": "sha512-VpZrUqU5A69eQyW2c5CA1jtLecCsN2U/bD6VilrFDWq5+5UIEVO7nazS3TEcHf1zuPYO/sqGvUvW62g86RXZuA==",
        "dependencies": {}
      },
      "postgres-bytea@1.0.0": {
        "integrity": "sha512-xy3pmLuQqRBZBXDULy7KbaitYqLcmxigw14Q5sj8QBVLqEwXfeybIKVWiqAXTlcvdvb0+xkOtDbfQMOf4lST1w==",
        "dependencies": {}
      },
      "postgres-date@1.0.7": {
        "integrity": "sha512-suDmjLVQg78nMK2UZ454hAG+OAW+HQPZ6n++TNDUX+L0+uUlLywnoxJKDou51Zm+zTCjrCl0Nq6J9C5hP9vK/Q==",
        "dependencies": {}
      },
      "postgres-interval@1.2.0": {
        "integrity": "sha512-9ZhXKM/rw350N1ovuWHbGxnGh/SNJ4cnxHiM0rxE4VN41wsg8P8zWn9hv/buK00RP4WvlOyr/RBDiptyxVbkZQ==",
        "dependencies": {
          "xtend": "xtend@4.0.2"
        }
      },
      "retry-as-promised@7.0.4": {
        "integrity": "sha512-XgmCoxKWkDofwH8WddD0w85ZfqYz+ZHlr5yo+3YUCfycWawU56T5ckWXsScsj5B8tqUcIG67DxXByo3VUgiAdA==",
        "dependencies": {}
      },
      "semver@7.6.3": {
        "integrity": "sha512-oVekP1cKtI+CTDvHWYFUcMtsK/00wmAEfyqKfNdARm8u1wNVhSgaX7A8d4UuIlUI5e84iEwOhs7ZPYRmzU9U6A==",
        "dependencies": {}
      },
      "sequelize-pool@7.1.0": {
        "integrity": "sha512-G9c0qlIWQSK29pR/5U2JF5dDQeqqHRragoyahj/Nx4KOOQ3CPPfzxnfqFPCSB7x5UgjOgnZ61nSxz+fjDpRlJg==",
        "dependencies": {}
      },
      "sequelize@6.37.5": {
        "integrity": "sha512-10WA4poUb3XWnUROThqL2Apq9C2NhyV1xHPMZuybNMCucDsbbFuKg51jhmyvvAUyUqCiimwTZamc3AHhMoBr2Q==",
        "dependencies": {
          "@types/debug": "@types/debug@4.1.12",
          "@types/validator": "@types/validator@13.12.2",
          "debug": "debug@4.3.7",
          "dottie": "dottie@2.0.6",
          "inflection": "inflection@1.13.4",
          "lodash": "lodash@4.17.21",
          "moment": "moment@2.30.1",
          "moment-timezone": "moment-timezone@0.5.46",
          "pg-connection-string": "pg-connection-string@2.7.0",
          "retry-as-promised": "retry-as-promised@7.0.4",
          "semver": "semver@7.6.3",
          "sequelize-pool": "sequelize-pool@7.1.0",
          "toposort-class": "toposort-class@1.0.1",
          "uuid": "uuid@8.3.2",
          "validator": "validator@13.12.0",
          "wkx": "wkx@0.5.0"
        }
      },
      "split2@4.2.0": {
        "integrity": "sha512-UcjcJOWknrNkF6PLX83qcHM6KHgVKNkV62Y8a5uYDVv9ydGQVwAHMKqHdJje1VTWpljG0WYpCDhrCdAOYH4TWg==",
        "dependencies": {}
      },
      "tinyqueue@2.0.3": {
        "integrity": "sha512-ppJZNDuKGgxzkHihX8v9v9G5f+18gzaTfrukGrq6ueg0lmH4nqVnA2IPG0AEH3jKEk2GRJCUhDoqpoiw3PHLBA==",
        "dependencies": {}
      },
      "toposort-class@1.0.1": {
        "integrity": "sha512-OsLcGGbYF3rMjPUf8oKktyvCiUxSbqMMS39m33MAjLTC1DVIH6x3WSt63/M77ihI09+Sdfk1AXvfhCEeUmC7mg==",
        "dependencies": {}
      },
      "uuid@8.3.2": {
        "integrity": "sha512-+NYs2QeMWy+GWFOEm9xnn6HCDp0l7QBD7ml8zLUmJ+93Q5NF0NocErnwkTkXVFNiX3/fpC6afS8Dhb/gz7R7eg==",
        "dependencies": {}
      },
      "validator@13.12.0": {
        "integrity": "sha512-c1Q0mCiPlgdTVVVIJIrBuxNicYE+t/7oKeI9MWLj3fh/uq2Pxh/3eeWbVZ4OcGW1TUf53At0njHw5SMdA3tmMg==",
        "dependencies": {}
      },
      "wkx@0.5.0": {
        "integrity": "sha512-Xng/d4Ichh8uN4l0FToV/258EjMGU9MGcA0HV2d9B/ZpZB3lqQm7nkOdZdm5GhKtLLhAE7PiVQwN4eN+2YJJUg==",
        "dependencies": {
          "@types/node": "@types/node@18.16.19"
        }
      },
      "xtend@4.0.2": {
        "integrity": "sha512-LKYU1iAXJXUgAXn9URjiu+MWhyUXHsvfp7mcuYm9dSUKK0/CjtrUwFAxD82/mCWbtLsGjFIad0wIsod4zrTAEQ==",
        "dependencies": {}
      }
    }
  },
  "redirects": {
    "https://github.com/unixfox/instant-system.js/raw/refs/heads/add-new-endpoints/src/model/v3/lines.ts": "https://raw.githubusercontent.com/unixfox/instant-system.js/refs/heads/add-new-endpoints/src/model/v3/lines.ts"
  },
  "remote": {
    "https://raw.githubusercontent.com/unixfox/instant-system.js/refs/heads/add-new-endpoints/src/model/mode.ts": "d1fc2199030b8eede69d11129503ef50ba61b6fc5e4238c08a36210c6db157d0",
    "https://raw.githubusercontent.com/unixfox/instant-system.js/refs/heads/add-new-endpoints/src/model/v3/disruption.ts": "64361dedc3f71a4d188de3109984b3dfafd0f217289d35da2e7208a5b951d35c",
    "https://raw.githubusercontent.com/unixfox/instant-system.js/refs/heads/add-new-endpoints/src/model/v3/disruptionLevel.ts": "91f5a6c724d852ac25b4172321e0348cccb19d883cc0dac5761b4064f4645271",
    "https://raw.githubusercontent.com/unixfox/instant-system.js/refs/heads/add-new-endpoints/src/model/v3/favoriteModes.ts": "6e5c6d5df13a589b82a24b7fe2dc644b208c773633755cd60f89f4cd23ed90e5",
    "https://raw.githubusercontent.com/unixfox/instant-system.js/refs/heads/add-new-endpoints/src/model/v3/line.ts": "32d2f508a82897e1cb372492960721e090919cf4446b2af32aba19cb6db3d83c",
    "https://raw.githubusercontent.com/unixfox/instant-system.js/refs/heads/add-new-endpoints/src/model/v3/lines.ts": "f638ed1c31219560c3edc8ebfa5d1daaa18890a9ddc7ed1845cbeb6ee81f4fe4",
    "https://raw.githubusercontent.com/unixfox/instant-system.js/refs/heads/add-new-endpoints/src/model/v3/scheduleSearchMode.ts": "79b2cbeedad4bc2cf494115baef392bbfa4b843afd861381916d2a49009bfe5f",
    "https://raw.githubusercontent.com/unixfox/instant-system.js/refs/heads/add-new-endpoints/src/model/v3/stopArea.ts": "827ca0632c8e8d309733ce0039e65fc9b0cc8cbec6cb49abcf1395454f68c893"
  },
  "workspace": {
    "dependencies": [
      "jsr:@hexagon/croner@9.0.0",
      "jsr:@std/dotenv@0.225.2",
      "jsr:@unixfox/instant-system@^0.0.12",
      "npm:geokdbush@2.0.1",
      "npm:kdbush@4.0.2",
      "npm:pg@8.13.1",
      "npm:sequelize@6.37.5"
    ]
  }
}
